
Microsoft Visual Studio Solution File, Format Version 12.00
# Visual Studio Version 17
VisualStudioVersion = 17.5.002.0
MinimumVisualStudioVersion = 10.0.40219.1
Project("{9A19103F-16F7-4668-BE54-9A1E7A4F7556}") = "Conta-bancaria", "Conta-bancaria.csproj", "{F2F27BFA-37A0-40A0-BF47-7C33A997294A}"
EndProject
Global
	GlobalSection(SolutionConfigurationPlatforms) = preSolution
		Debug|Any CPU = Debug|Any CPU
		Release|Any CPU = Release|Any CPU
	EndGlobalSection
	GlobalSection(ProjectConfigurationPlatforms) = postSolution
		{F2F27BFA-37A0-40A0-BF47-7C33A997294A}.Debug|Any CPU.ActiveCfg = Debug|Any CPU
		{F2F27BFA-37A0-40A0-BF47-7C33A997294A}.Debug|Any CPU.Build.0 = Debug|Any CPU
		{F2F27BFA-37A0-40A0-BF47-7C33A997294A}.Release|Any CPU.ActiveCfg = Release|Any CPU
		{F2F27BFA-37A0-40A0-BF47-7C33A997294A}.Release|Any CPU.Build.0 = Release|Any CPU
	EndGlobalSection
	GlobalSection(SolutionProperties) = preSolution
		HideSolutionNode = FALSE
	EndGlobalSection
	GlobalSection(ExtensibilityGlobals) = postSolution
		SolutionGuid = {BEC74FB1-10C4-4CB0-ADF1-7A8C7E3DAEB8}
	EndGlobalSection
EndGlobal
